// !$*UTF8*$!
{
	archiveVersion = 1;
	classes = {
	};
	objectVersion = 50;
	objects = {

/* Begin PBXBuildFile section */
		C34590B725AE2DB900206914 /* AppDelegate.swift in Sources */ = {isa = PBXBuildFile; fileRef = C34590B625AE2DB900206914 /* AppDelegate.swift */; };
		C34590B925AE2DB900206914 /* SceneDelegate.swift in Sources */ = {isa = PBXBuildFile; fileRef = C34590B825AE2DB900206914 /* SceneDelegate.swift */; };
		C34590C025AE2DBC00206914 /* Assets.xcassets in Resources */ = {isa = PBXBuildFile; fileRef = C34590BF25AE2DBC00206914 /* Assets.xcassets */; };
		C34590C325AE2DBC00206914 /* LaunchScreen.storyboard in Resources */ = {isa = PBXBuildFile; fileRef = C34590C125AE2DBC00206914 /* LaunchScreen.storyboard */; };
		C34590CE25AE2DBC00206914 /* GalleryViewerTests.swift in Sources */ = {isa = PBXBuildFile; fileRef = C34590CD25AE2DBC00206914 /* GalleryViewerTests.swift */; };
		C34590D925AE2DBC00206914 /* GalleryViewerUITests.swift in Sources */ = {isa = PBXBuildFile; fileRef = C34590D825AE2DBC00206914 /* GalleryViewerUITests.swift */; };
		C34590FD25AE33D700206914 /* HomeViewController.swift in Sources */ = {isa = PBXBuildFile; fileRef = C34590FC25AE33D700206914 /* HomeViewController.swift */; };
		C345911725AE385C00206914 /* HomeViewPresenter.swift in Sources */ = {isa = PBXBuildFile; fileRef = C345911625AE385C00206914 /* HomeViewPresenter.swift */; };
		C345912025AE396D00206914 /* ImageThumbnail.swift in Sources */ = {isa = PBXBuildFile; fileRef = C345911F25AE396D00206914 /* ImageThumbnail.swift */; };
		C345912825AE3A6800206914 /* ThumbnailCell.xib in Resources */ = {isa = PBXBuildFile; fileRef = C345912725AE3A6800206914 /* ThumbnailCell.xib */; };
		C345912D25AE3A9C00206914 /* ThumbnailCell.swift in Sources */ = {isa = PBXBuildFile; fileRef = C345912C25AE3A9C00206914 /* ThumbnailCell.swift */; };
		C345913325AE3B8300206914 /* ReusableCell.swift in Sources */ = {isa = PBXBuildFile; fileRef = C345913225AE3B8300206914 /* ReusableCell.swift */; };
		C345913B25AE3DD200206914 /* HomeViewConfigurableCell.swift in Sources */ = {isa = PBXBuildFile; fileRef = C345913A25AE3DD200206914 /* HomeViewConfigurableCell.swift */; };
		C345914725AE5A9D00206914 /* DefaultHomeViewPresenter.swift in Sources */ = {isa = PBXBuildFile; fileRef = C345914625AE5A9D00206914 /* DefaultHomeViewPresenter.swift */; };
		C345915825AE621B00206914 /* LoadableViewController.swift in Sources */ = {isa = PBXBuildFile; fileRef = C345915725AE621B00206914 /* LoadableViewController.swift */; };
		C345916325AE68B500206914 /* Home.storyboard in Resources */ = {isa = PBXBuildFile; fileRef = C345916225AE68B500206914 /* Home.storyboard */; };
		C345916825AE6A4500206914 /* Main.storyboard in Resources */ = {isa = PBXBuildFile; fileRef = C345916725AE6A4500206914 /* Main.storyboard */; };
		C345917025AE6AAA00206914 /* MainViewController.swift in Sources */ = {isa = PBXBuildFile; fileRef = C345916F25AE6AAA00206914 /* MainViewController.swift */; };
		C34591BD25AE6CFE00206914 /* HomeView.swift in Sources */ = {isa = PBXBuildFile; fileRef = C34591BC25AE6CFE00206914 /* HomeView.swift */; };
		C34591C825AE74EF00206914 /* HomeViewCellDelegate.swift in Sources */ = {isa = PBXBuildFile; fileRef = C34591C725AE74EE00206914 /* HomeViewCellDelegate.swift */; };
		C3459A2725AFCAEE00206914 /* GalleryLayout.swift in Sources */ = {isa = PBXBuildFile; fileRef = C3459A2625AFCAEB00206914 /* GalleryLayout.swift */; };
		C3459A3125AFE8EF00206914 /* FetchImagesUseCase.swift in Sources */ = {isa = PBXBuildFile; fileRef = C3459A3025AFE8EE00206914 /* FetchImagesUseCase.swift */; };
		C3459A3925AFE96400206914 /* DefaultFetchImagesUseCase.swift in Sources */ = {isa = PBXBuildFile; fileRef = C3459A3825AFE96300206914 /* DefaultFetchImagesUseCase.swift */; };
		C3459A3F25AFEE8F00206914 /* LocalImageProvider.swift in Sources */ = {isa = PBXBuildFile; fileRef = C3459A3E25AFEE8F00206914 /* LocalImageProvider.swift */; };
		C3459A4725AFF2FB00206914 /* DefaultLocalImageProvider.swift in Sources */ = {isa = PBXBuildFile; fileRef = C3459A4625AFF2FA00206914 /* DefaultLocalImageProvider.swift */; };
		C3459A4D25AFF57800206914 /* AuthorizePhotosUseCase.swift in Sources */ = {isa = PBXBuildFile; fileRef = C3459A4C25AFF57700206914 /* AuthorizePhotosUseCase.swift */; };
		C3459A5525AFF5BC00206914 /* AuthorizationStatus.swift in Sources */ = {isa = PBXBuildFile; fileRef = C3459A5425AFF5BC00206914 /* AuthorizationStatus.swift */; };
		C3459A5A25AFF60A00206914 /* DefaultAuthorizePhotosUseCase.swift in Sources */ = {isa = PBXBuildFile; fileRef = C3459A5925AFF60A00206914 /* DefaultAuthorizePhotosUseCase.swift */; };
		C3459FE525B0C7C400206914 /* LoadImageUseCase.swift in Sources */ = {isa = PBXBuildFile; fileRef = C3459FE425B0C7C300206914 /* LoadImageUseCase.swift */; };
		C3459FED25B0C86000206914 /* DefaultLoadImageUseCase.swift in Sources */ = {isa = PBXBuildFile; fileRef = C3459FEC25B0C86000206914 /* DefaultLoadImageUseCase.swift */; };
/* End PBXBuildFile section */

/* Begin PBXContainerItemProxy section */
		C34590CA25AE2DBC00206914 /* PBXContainerItemProxy */ = {
			isa = PBXContainerItemProxy;
			containerPortal = C34590AB25AE2DB900206914 /* Project object */;
			proxyType = 1;
			remoteGlobalIDString = C34590B225AE2DB900206914;
			remoteInfo = GalleryViewer;
		};
		C34590D525AE2DBC00206914 /* PBXContainerItemProxy */ = {
			isa = PBXContainerItemProxy;
			containerPortal = C34590AB25AE2DB900206914 /* Project object */;
			proxyType = 1;
			remoteGlobalIDString = C34590B225AE2DB900206914;
			remoteInfo = GalleryViewer;
		};
/* End PBXContainerItemProxy section */

/* Begin PBXFileReference section */
		C34590B325AE2DB900206914 /* GalleryViewer.app */ = {isa = PBXFileReference; explicitFileType = wrapper.application; includeInIndex = 0; path = GalleryViewer.app; sourceTree = BUILT_PRODUCTS_DIR; };
		C34590B625AE2DB900206914 /* AppDelegate.swift */ = {isa = PBXFileReference; lastKnownFileType = sourcecode.swift; path = AppDelegate.swift; sourceTree = "<group>"; };
		C34590B825AE2DB900206914 /* SceneDelegate.swift */ = {isa = PBXFileReference; lastKnownFileType = sourcecode.swift; path = SceneDelegate.swift; sourceTree = "<group>"; };
		C34590BF25AE2DBC00206914 /* Assets.xcassets */ = {isa = PBXFileReference; lastKnownFileType = folder.assetcatalog; path = Assets.xcassets; sourceTree = "<group>"; };
		C34590C225AE2DBC00206914 /* Base */ = {isa = PBXFileReference; lastKnownFileType = file.storyboard; name = Base; path = Base.lproj/LaunchScreen.storyboard; sourceTree = "<group>"; };
		C34590C425AE2DBC00206914 /* Info.plist */ = {isa = PBXFileReference; lastKnownFileType = text.plist.xml; path = Info.plist; sourceTree = "<group>"; };
		C34590C925AE2DBC00206914 /* GalleryViewerTests.xctest */ = {isa = PBXFileReference; explicitFileType = wrapper.cfbundle; includeInIndex = 0; path = GalleryViewerTests.xctest; sourceTree = BUILT_PRODUCTS_DIR; };
		C34590CD25AE2DBC00206914 /* GalleryViewerTests.swift */ = {isa = PBXFileReference; lastKnownFileType = sourcecode.swift; path = GalleryViewerTests.swift; sourceTree = "<group>"; };
		C34590CF25AE2DBC00206914 /* Info.plist */ = {isa = PBXFileReference; lastKnownFileType = text.plist.xml; path = Info.plist; sourceTree = "<group>"; };
		C34590D425AE2DBC00206914 /* GalleryViewerUITests.xctest */ = {isa = PBXFileReference; explicitFileType = wrapper.cfbundle; includeInIndex = 0; path = GalleryViewerUITests.xctest; sourceTree = BUILT_PRODUCTS_DIR; };
		C34590D825AE2DBC00206914 /* GalleryViewerUITests.swift */ = {isa = PBXFileReference; lastKnownFileType = sourcecode.swift; path = GalleryViewerUITests.swift; sourceTree = "<group>"; };
		C34590DA25AE2DBC00206914 /* Info.plist */ = {isa = PBXFileReference; lastKnownFileType = text.plist.xml; path = Info.plist; sourceTree = "<group>"; };
		C34590FC25AE33D700206914 /* HomeViewController.swift */ = {isa = PBXFileReference; lastKnownFileType = sourcecode.swift; path = HomeViewController.swift; sourceTree = "<group>"; };
		C345911625AE385C00206914 /* HomeViewPresenter.swift */ = {isa = PBXFileReference; lastKnownFileType = sourcecode.swift; path = HomeViewPresenter.swift; sourceTree = "<group>"; };
		C345911F25AE396D00206914 /* ImageThumbnail.swift */ = {isa = PBXFileReference; lastKnownFileType = sourcecode.swift; path = ImageThumbnail.swift; sourceTree = "<group>"; };
		C345912725AE3A6800206914 /* ThumbnailCell.xib */ = {isa = PBXFileReference; lastKnownFileType = file.xib; path = ThumbnailCell.xib; sourceTree = "<group>"; };
		C345912C25AE3A9C00206914 /* ThumbnailCell.swift */ = {isa = PBXFileReference; lastKnownFileType = sourcecode.swift; path = ThumbnailCell.swift; sourceTree = "<group>"; };
		C345913225AE3B8300206914 /* ReusableCell.swift */ = {isa = PBXFileReference; lastKnownFileType = sourcecode.swift; path = ReusableCell.swift; sourceTree = "<group>"; };
		C345913A25AE3DD200206914 /* HomeViewConfigurableCell.swift */ = {isa = PBXFileReference; lastKnownFileType = sourcecode.swift; path = HomeViewConfigurableCell.swift; sourceTree = "<group>"; };
		C345914625AE5A9D00206914 /* DefaultHomeViewPresenter.swift */ = {isa = PBXFileReference; lastKnownFileType = sourcecode.swift; path = DefaultHomeViewPresenter.swift; sourceTree = "<group>"; };
		C345915725AE621B00206914 /* LoadableViewController.swift */ = {isa = PBXFileReference; lastKnownFileType = sourcecode.swift; path = LoadableViewController.swift; sourceTree = "<group>"; };
		C345916225AE68B500206914 /* Home.storyboard */ = {isa = PBXFileReference; lastKnownFileType = file.storyboard; path = Home.storyboard; sourceTree = "<group>"; };
		C345916725AE6A4500206914 /* Main.storyboard */ = {isa = PBXFileReference; lastKnownFileType = file.storyboard; name = Main.storyboard; path = GalleryViewer/Classes/Presentation/Main.storyboard; sourceTree = SOURCE_ROOT; };
		C345916F25AE6AAA00206914 /* MainViewController.swift */ = {isa = PBXFileReference; lastKnownFileType = sourcecode.swift; path = MainViewController.swift; sourceTree = "<group>"; };
		C34591BC25AE6CFE00206914 /* HomeView.swift */ = {isa = PBXFileReference; lastKnownFileType = sourcecode.swift; path = HomeView.swift; sourceTree = "<group>"; };
		C34591C725AE74EE00206914 /* HomeViewCellDelegate.swift */ = {isa = PBXFileReference; lastKnownFileType = sourcecode.swift; path = HomeViewCellDelegate.swift; sourceTree = "<group>"; };
		C3459A2625AFCAEB00206914 /* GalleryLayout.swift */ = {isa = PBXFileReference; lastKnownFileType = sourcecode.swift; path = GalleryLayout.swift; sourceTree = "<group>"; };
		C3459A3025AFE8EE00206914 /* FetchImagesUseCase.swift */ = {isa = PBXFileReference; lastKnownFileType = sourcecode.swift; path = FetchImagesUseCase.swift; sourceTree = "<group>"; };
		C3459A3825AFE96300206914 /* DefaultFetchImagesUseCase.swift */ = {isa = PBXFileReference; lastKnownFileType = sourcecode.swift; path = DefaultFetchImagesUseCase.swift; sourceTree = "<group>"; };
		C3459A3E25AFEE8F00206914 /* LocalImageProvider.swift */ = {isa = PBXFileReference; lastKnownFileType = sourcecode.swift; path = LocalImageProvider.swift; sourceTree = "<group>"; };
		C3459A4625AFF2FA00206914 /* DefaultLocalImageProvider.swift */ = {isa = PBXFileReference; lastKnownFileType = sourcecode.swift; path = DefaultLocalImageProvider.swift; sourceTree = "<group>"; };
		C3459A4C25AFF57700206914 /* AuthorizePhotosUseCase.swift */ = {isa = PBXFileReference; lastKnownFileType = sourcecode.swift; path = AuthorizePhotosUseCase.swift; sourceTree = "<group>"; };
		C3459A5425AFF5BC00206914 /* AuthorizationStatus.swift */ = {isa = PBXFileReference; lastKnownFileType = sourcecode.swift; path = AuthorizationStatus.swift; sourceTree = "<group>"; };
		C3459A5925AFF60A00206914 /* DefaultAuthorizePhotosUseCase.swift */ = {isa = PBXFileReference; lastKnownFileType = sourcecode.swift; path = DefaultAuthorizePhotosUseCase.swift; sourceTree = "<group>"; };
		C3459FE425B0C7C300206914 /* LoadImageUseCase.swift */ = {isa = PBXFileReference; lastKnownFileType = sourcecode.swift; path = LoadImageUseCase.swift; sourceTree = "<group>"; };
		C3459FEC25B0C86000206914 /* DefaultLoadImageUseCase.swift */ = {isa = PBXFileReference; lastKnownFileType = sourcecode.swift; path = DefaultLoadImageUseCase.swift; sourceTree = "<group>"; };
/* End PBXFileReference section */

/* Begin PBXFrameworksBuildPhase section */
		C34590B025AE2DB900206914 /* Frameworks */ = {
			isa = PBXFrameworksBuildPhase;
			buildActionMask = 2147483647;
			files = (
			);
			runOnlyForDeploymentPostprocessing = 0;
		};
		C34590C625AE2DBC00206914 /* Frameworks */ = {
			isa = PBXFrameworksBuildPhase;
			buildActionMask = 2147483647;
			files = (
			);
			runOnlyForDeploymentPostprocessing = 0;
		};
		C34590D125AE2DBC00206914 /* Frameworks */ = {
			isa = PBXFrameworksBuildPhase;
			buildActionMask = 2147483647;
			files = (
			);
			runOnlyForDeploymentPostprocessing = 0;
		};
/* End PBXFrameworksBuildPhase section */

/* Begin PBXGroup section */
		C34590AA25AE2DB900206914 = {
			isa = PBXGroup;
			children = (
				C34590B525AE2DB900206914 /* GalleryViewer */,
				C34590CC25AE2DBC00206914 /* GalleryViewerTests */,
				C34590D725AE2DBC00206914 /* GalleryViewerUITests */,
				C34590B425AE2DB900206914 /* Products */,
			);
			sourceTree = "<group>";
		};
		C34590B425AE2DB900206914 /* Products */ = {
			isa = PBXGroup;
			children = (
				C34590B325AE2DB900206914 /* GalleryViewer.app */,
				C34590C925AE2DBC00206914 /* GalleryViewerTests.xctest */,
				C34590D425AE2DBC00206914 /* GalleryViewerUITests.xctest */,
			);
			name = Products;
			sourceTree = "<group>";
		};
		C34590B525AE2DB900206914 /* GalleryViewer */ = {
			isa = PBXGroup;
			children = (
				C34590F225AE314E00206914 /* Resources */,
				C34590EE25AE2F5200206914 /* Classes */,
			);
			path = GalleryViewer;
			sourceTree = "<group>";
		};
		C34590CC25AE2DBC00206914 /* GalleryViewerTests */ = {
			isa = PBXGroup;
			children = (
				C34590CD25AE2DBC00206914 /* GalleryViewerTests.swift */,
				C34590CF25AE2DBC00206914 /* Info.plist */,
			);
			path = GalleryViewerTests;
			sourceTree = "<group>";
		};
		C34590D725AE2DBC00206914 /* GalleryViewerUITests */ = {
			isa = PBXGroup;
			children = (
				C34590D825AE2DBC00206914 /* GalleryViewerUITests.swift */,
				C34590DA25AE2DBC00206914 /* Info.plist */,
			);
			path = GalleryViewerUITests;
			sourceTree = "<group>";
		};
		C34590EE25AE2F5200206914 /* Classes */ = {
			isa = PBXGroup;
			children = (
				C34590B625AE2DB900206914 /* AppDelegate.swift */,
				C34590B825AE2DB900206914 /* SceneDelegate.swift */,
				C34590F125AE2FAC00206914 /* Data */,
				C34590F025AE2FA700206914 /* Domain */,
				C34590EF25AE2F9E00206914 /* Presentation */,
			);
			path = Classes;
			sourceTree = "<group>";
		};
		C34590EF25AE2F9E00206914 /* Presentation */ = {
			isa = PBXGroup;
			children = (
				C345916725AE6A4500206914 /* Main.storyboard */,
				C345916F25AE6AAA00206914 /* MainViewController.swift */,
				C345913125AE3B6E00206914 /* Utils */,
				C34590F925AE339B00206914 /* Home */,
			);
			path = Presentation;
			sourceTree = "<group>";
		};
		C34590F025AE2FA700206914 /* Domain */ = {
			isa = PBXGroup;
			children = (
				C3459A2F25AFE8D700206914 /* UseCases */,
			);
			path = Domain;
			sourceTree = "<group>";
		};
		C34590F125AE2FAC00206914 /* Data */ = {
			isa = PBXGroup;
			children = (
				C3459A3D25AFEE6700206914 /* Providers */,
			);
			path = Data;
			sourceTree = "<group>";
		};
		C34590F225AE314E00206914 /* Resources */ = {
			isa = PBXGroup;
			children = (
				C34590C425AE2DBC00206914 /* Info.plist */,
				C34590BF25AE2DBC00206914 /* Assets.xcassets */,
				C34590C125AE2DBC00206914 /* LaunchScreen.storyboard */,
			);
			path = Resources;
			sourceTree = "<group>";
		};
		C34590F925AE339B00206914 /* Home */ = {
			isa = PBXGroup;
			children = (
				C345911E25AE395200206914 /* Entity */,
				C345911525AE384400206914 /* Presenter */,
				C34590FA25AE33A300206914 /* View */,
			);
			path = Home;
			sourceTree = "<group>";
		};
		C34590FA25AE33A300206914 /* View */ = {
			isa = PBXGroup;
			children = (
				C34591BC25AE6CFE00206914 /* HomeView.swift */,
				C34590FC25AE33D700206914 /* HomeViewController.swift */,
				C345916225AE68B500206914 /* Home.storyboard */,
				C3459A2625AFCAEB00206914 /* GalleryLayout.swift */,
				C345914425AE58CE00206914 /* Cells */,
			);
			path = View;
			sourceTree = "<group>";
		};
		C345911525AE384400206914 /* Presenter */ = {
			isa = PBXGroup;
			children = (
				C345911625AE385C00206914 /* HomeViewPresenter.swift */,
				C345914625AE5A9D00206914 /* DefaultHomeViewPresenter.swift */,
			);
			path = Presenter;
			sourceTree = "<group>";
		};
		C345911E25AE395200206914 /* Entity */ = {
			isa = PBXGroup;
			children = (
				C345911F25AE396D00206914 /* ImageThumbnail.swift */,
				C3459A5425AFF5BC00206914 /* AuthorizationStatus.swift */,
			);
			path = Entity;
			sourceTree = "<group>";
		};
		C345913125AE3B6E00206914 /* Utils */ = {
			isa = PBXGroup;
			children = (
				C345913225AE3B8300206914 /* ReusableCell.swift */,
				C345915725AE621B00206914 /* LoadableViewController.swift */,
			);
			path = Utils;
			sourceTree = "<group>";
		};
		C345914425AE58CE00206914 /* Cells */ = {
			isa = PBXGroup;
			children = (
				C345912725AE3A6800206914 /* ThumbnailCell.xib */,
				C345912C25AE3A9C00206914 /* ThumbnailCell.swift */,
				C345913A25AE3DD200206914 /* HomeViewConfigurableCell.swift */,
				C34591C725AE74EE00206914 /* HomeViewCellDelegate.swift */,
			);
			path = Cells;
			sourceTree = "<group>";
		};
		C3459A2E25AFE8CA00206914 /* FetchImages */ = {
			isa = PBXGroup;
			children = (
				C3459A3025AFE8EE00206914 /* FetchImagesUseCase.swift */,
				C3459A3825AFE96300206914 /* DefaultFetchImagesUseCase.swift */,
			);
			path = FetchImages;
			sourceTree = "<group>";
		};
		C3459A2F25AFE8D700206914 /* UseCases */ = {
			isa = PBXGroup;
			children = (
				C3459FE325B0C7AF00206914 /* LoadImage */,
				C3459A4B25AFF54F00206914 /* AuthorizePhotos */,
				C3459A2E25AFE8CA00206914 /* FetchImages */,
			);
			path = UseCases;
			sourceTree = "<group>";
		};
		C3459A3D25AFEE6700206914 /* Providers */ = {
			isa = PBXGroup;
			children = (
				C3459A3E25AFEE8F00206914 /* LocalImageProvider.swift */,
				C3459A4625AFF2FA00206914 /* DefaultLocalImageProvider.swift */,
			);
			path = Providers;
			sourceTree = "<group>";
		};
		C3459A4B25AFF54F00206914 /* AuthorizePhotos */ = {
			isa = PBXGroup;
			children = (
				C3459A4C25AFF57700206914 /* AuthorizePhotosUseCase.swift */,
				C3459A5925AFF60A00206914 /* DefaultAuthorizePhotosUseCase.swift */,
			);
			path = AuthorizePhotos;
			sourceTree = "<group>";
		};
		C3459FE325B0C7AF00206914 /* LoadImage */ = {
			isa = PBXGroup;
			children = (
				C3459FE425B0C7C300206914 /* LoadImageUseCase.swift */,
				C3459FEC25B0C86000206914 /* DefaultLoadImageUseCase.swift */,
			);
			path = LoadImage;
			sourceTree = "<group>";
		};
/* End PBXGroup section */

/* Begin PBXNativeTarget section */
		C34590B225AE2DB900206914 /* GalleryViewer */ = {
			isa = PBXNativeTarget;
			buildConfigurationList = C34590DD25AE2DBC00206914 /* Build configuration list for PBXNativeTarget "GalleryViewer" */;
			buildPhases = (
				C34590AF25AE2DB900206914 /* Sources */,
				C34590B025AE2DB900206914 /* Frameworks */,
				C34590B125AE2DB900206914 /* Resources */,
			);
			buildRules = (
			);
			dependencies = (
			);
			name = GalleryViewer;
			productName = GalleryViewer;
			productReference = C34590B325AE2DB900206914 /* GalleryViewer.app */;
			productType = "com.apple.product-type.application";
		};
		C34590C825AE2DBC00206914 /* GalleryViewerTests */ = {
			isa = PBXNativeTarget;
			buildConfigurationList = C34590E025AE2DBC00206914 /* Build configuration list for PBXNativeTarget "GalleryViewerTests" */;
			buildPhases = (
				C34590C525AE2DBC00206914 /* Sources */,
				C34590C625AE2DBC00206914 /* Frameworks */,
				C34590C725AE2DBC00206914 /* Resources */,
			);
			buildRules = (
			);
			dependencies = (
				C34590CB25AE2DBC00206914 /* PBXTargetDependency */,
			);
			name = GalleryViewerTests;
			productName = GalleryViewerTests;
			productReference = C34590C925AE2DBC00206914 /* GalleryViewerTests.xctest */;
			productType = "com.apple.product-type.bundle.unit-test";
		};
		C34590D325AE2DBC00206914 /* GalleryViewerUITests */ = {
			isa = PBXNativeTarget;
			buildConfigurationList = C34590E325AE2DBC00206914 /* Build configuration list for PBXNativeTarget "GalleryViewerUITests" */;
			buildPhases = (
				C34590D025AE2DBC00206914 /* Sources */,
				C34590D125AE2DBC00206914 /* Frameworks */,
				C34590D225AE2DBC00206914 /* Resources */,
			);
			buildRules = (
			);
			dependencies = (
				C34590D625AE2DBC00206914 /* PBXTargetDependency */,
			);
			name = GalleryViewerUITests;
			productName = GalleryViewerUITests;
			productReference = C34590D425AE2DBC00206914 /* GalleryViewerUITests.xctest */;
			productType = "com.apple.product-type.bundle.ui-testing";
		};
/* End PBXNativeTarget section */

/* Begin PBXProject section */
		C34590AB25AE2DB900206914 /* Project object */ = {
			isa = PBXProject;
			attributes = {
				LastSwiftUpdateCheck = 1230;
				LastUpgradeCheck = 1230;
				TargetAttributes = {
					C34590B225AE2DB900206914 = {
						CreatedOnToolsVersion = 12.3;
					};
					C34590C825AE2DBC00206914 = {
						CreatedOnToolsVersion = 12.3;
						TestTargetID = C34590B225AE2DB900206914;
					};
					C34590D325AE2DBC00206914 = {
						CreatedOnToolsVersion = 12.3;
						TestTargetID = C34590B225AE2DB900206914;
					};
				};
			};
			buildConfigurationList = C34590AE25AE2DB900206914 /* Build configuration list for PBXProject "GalleryViewer" */;
			compatibilityVersion = "Xcode 9.3";
			developmentRegion = en;
			hasScannedForEncodings = 0;
			knownRegions = (
				en,
				Base,
			);
			mainGroup = C34590AA25AE2DB900206914;
			productRefGroup = C34590B425AE2DB900206914 /* Products */;
			projectDirPath = "";
			projectRoot = "";
			targets = (
				C34590B225AE2DB900206914 /* GalleryViewer */,
				C34590C825AE2DBC00206914 /* GalleryViewerTests */,
				C34590D325AE2DBC00206914 /* GalleryViewerUITests */,
			);
		};
/* End PBXProject section */

/* Begin PBXResourcesBuildPhase section */
		C34590B125AE2DB900206914 /* Resources */ = {
			isa = PBXResourcesBuildPhase;
			buildActionMask = 2147483647;
			files = (
				C34590C325AE2DBC00206914 /* LaunchScreen.storyboard in Resources */,
				C345916825AE6A4500206914 /* Main.storyboard in Resources */,
				C345912825AE3A6800206914 /* ThumbnailCell.xib in Resources */,
				C34590C025AE2DBC00206914 /* Assets.xcassets in Resources */,
				C345916325AE68B500206914 /* Home.storyboard in Resources */,
			);
			runOnlyForDeploymentPostprocessing = 0;
		};
		C34590C725AE2DBC00206914 /* Resources */ = {
			isa = PBXResourcesBuildPhase;
			buildActionMask = 2147483647;
			files = (
			);
			runOnlyForDeploymentPostprocessing = 0;
		};
		C34590D225AE2DBC00206914 /* Resources */ = {
			isa = PBXResourcesBuildPhase;
			buildActionMask = 2147483647;
			files = (
			);
			runOnlyForDeploymentPostprocessing = 0;
		};
/* End PBXResourcesBuildPhase section */

/* Begin PBXSourcesBuildPhase section */
		C34590AF25AE2DB900206914 /* Sources */ = {
			isa = PBXSourcesBuildPhase;
			buildActionMask = 2147483647;
			files = (
				C345912D25AE3A9C00206914 /* ThumbnailCell.swift in Sources */,
				C34591C825AE74EF00206914 /* HomeViewCellDelegate.swift in Sources */,
				C3459FED25B0C86000206914 /* DefaultLoadImageUseCase.swift in Sources */,
				C345917025AE6AAA00206914 /* MainViewController.swift in Sources */,
				C345912025AE396D00206914 /* ImageThumbnail.swift in Sources */,
				C345915825AE621B00206914 /* LoadableViewController.swift in Sources */,
				C345913B25AE3DD200206914 /* HomeViewConfigurableCell.swift in Sources */,
				C3459A5A25AFF60A00206914 /* DefaultAuthorizePhotosUseCase.swift in Sources */,
				C3459A4725AFF2FB00206914 /* DefaultLocalImageProvider.swift in Sources */,
				C3459A4D25AFF57800206914 /* AuthorizePhotosUseCase.swift in Sources */,
				C34590B725AE2DB900206914 /* AppDelegate.swift in Sources */,
				C34590B925AE2DB900206914 /* SceneDelegate.swift in Sources */,
				C3459A3925AFE96400206914 /* DefaultFetchImagesUseCase.swift in Sources */,
				C3459A2725AFCAEE00206914 /* GalleryLayout.swift in Sources */,
				C3459FE525B0C7C400206914 /* LoadImageUseCase.swift in Sources */,
				C345911725AE385C00206914 /* HomeViewPresenter.swift in Sources */,
				C3459A5525AFF5BC00206914 /* AuthorizationStatus.swift in Sources */,
				C3459A3F25AFEE8F00206914 /* LocalImageProvider.swift in Sources */,
				C345913325AE3B8300206914 /* ReusableCell.swift in Sources */,
				C34591BD25AE6CFE00206914 /* HomeView.swift in Sources */,
				C345914725AE5A9D00206914 /* DefaultHomeViewPresenter.swift in Sources */,
				C3459A3125AFE8EF00206914 /* FetchImagesUseCase.swift in Sources */,
				C34590FD25AE33D700206914 /* HomeViewController.swift in Sources */,
			);
			runOnlyForDeploymentPostprocessing = 0;
		};
		C34590C525AE2DBC00206914 /* Sources */ = {
			isa = PBXSourcesBuildPhase;
			buildActionMask = 2147483647;
			files = (
				C34590CE25AE2DBC00206914 /* GalleryViewerTests.swift in Sources */,
			);
			runOnlyForDeploymentPostprocessing = 0;
		};
		C34590D025AE2DBC00206914 /* Sources */ = {
			isa = PBXSourcesBuildPhase;
			buildActionMask = 2147483647;
			files = (
				C34590D925AE2DBC00206914 /* GalleryViewerUITests.swift in Sources */,
			);
			runOnlyForDeploymentPostprocessing = 0;
		};
/* End PBXSourcesBuildPhase section */

/* Begin PBXTargetDependency section */
		C34590CB25AE2DBC00206914 /* PBXTargetDependency */ = {
			isa = PBXTargetDependency;
			target = C34590B225AE2DB900206914 /* GalleryViewer */;
			targetProxy = C34590CA25AE2DBC00206914 /* PBXContainerItemProxy */;
		};
		C34590D625AE2DBC00206914 /* PBXTargetDependency */ = {
			isa = PBXTargetDependency;
			target = C34590B225AE2DB900206914 /* GalleryViewer */;
			targetProxy = C34590D525AE2DBC00206914 /* PBXContainerItemProxy */;
		};
/* End PBXTargetDependency section */

/* Begin PBXVariantGroup section */
		C34590C125AE2DBC00206914 /* LaunchScreen.storyboard */ = {
			isa = PBXVariantGroup;
			children = (
				C34590C225AE2DBC00206914 /* Base */,
			);
			name = LaunchScreen.storyboard;
			sourceTree = "<group>";
		};
/* End PBXVariantGroup section */

/* Begin XCBuildConfiguration section */
		C34590DB25AE2DBC00206914 /* Debug */ = {
			isa = XCBuildConfiguration;
			buildSettings = {
				ALWAYS_SEARCH_USER_PATHS = NO;
				CLANG_ANALYZER_NONNULL = YES;
				CLANG_ANALYZER_NUMBER_OBJECT_CONVERSION = YES_AGGRESSIVE;
				CLANG_CXX_LANGUAGE_STANDARD = "gnu++14";
				CLANG_CXX_LIBRARY = "libc++";
				CLANG_ENABLE_MODULES = YES;
				CLANG_ENABLE_OBJC_ARC = YES;
				CLANG_ENABLE_OBJC_WEAK = YES;
				CLANG_WARN_BLOCK_CAPTURE_AUTORELEASING = YES;
				CLANG_WARN_BOOL_CONVERSION = YES;
				CLANG_WARN_COMMA = YES;
				CLANG_WARN_CONSTANT_CONVERSION = YES;
				CLANG_WARN_DEPRECATED_OBJC_IMPLEMENTATIONS = YES;
				CLANG_WARN_DIRECT_OBJC_ISA_USAGE = YES_ERROR;
				CLANG_WARN_DOCUMENTATION_COMMENTS = YES;
				CLANG_WARN_EMPTY_BODY = YES;
				CLANG_WARN_ENUM_CONVERSION = YES;
				CLANG_WARN_INFINITE_RECURSION = YES;
				CLANG_WARN_INT_CONVERSION = YES;
				CLANG_WARN_NON_LITERAL_NULL_CONVERSION = YES;
				CLANG_WARN_OBJC_IMPLICIT_RETAIN_SELF = YES;
				CLANG_WARN_OBJC_LITERAL_CONVERSION = YES;
				CLANG_WARN_OBJC_ROOT_CLASS = YES_ERROR;
				CLANG_WARN_QUOTED_INCLUDE_IN_FRAMEWORK_HEADER = YES;
				CLANG_WARN_RANGE_LOOP_ANALYSIS = YES;
				CLANG_WARN_STRICT_PROTOTYPES = YES;
				CLANG_WARN_SUSPICIOUS_MOVE = YES;
				CLANG_WARN_UNGUARDED_AVAILABILITY = YES_AGGRESSIVE;
				CLANG_WARN_UNREACHABLE_CODE = YES;
				CLANG_WARN__DUPLICATE_METHOD_MATCH = YES;
				COPY_PHASE_STRIP = NO;
				DEBUG_INFORMATION_FORMAT = dwarf;
				ENABLE_STRICT_OBJC_MSGSEND = YES;
				ENABLE_TESTABILITY = YES;
				GCC_C_LANGUAGE_STANDARD = gnu11;
				GCC_DYNAMIC_NO_PIC = NO;
				GCC_NO_COMMON_BLOCKS = YES;
				GCC_OPTIMIZATION_LEVEL = 0;
				GCC_PREPROCESSOR_DEFINITIONS = (
					"DEBUG=1",
					"$(inherited)",
				);
				GCC_WARN_64_TO_32_BIT_CONVERSION = YES;
				GCC_WARN_ABOUT_RETURN_TYPE = YES_ERROR;
				GCC_WARN_UNDECLARED_SELECTOR = YES;
				GCC_WARN_UNINITIALIZED_AUTOS = YES_AGGRESSIVE;
				GCC_WARN_UNUSED_FUNCTION = YES;
				GCC_WARN_UNUSED_VARIABLE = YES;
				IPHONEOS_DEPLOYMENT_TARGET = 14.0;
				MTL_ENABLE_DEBUG_INFO = INCLUDE_SOURCE;
				MTL_FAST_MATH = YES;
				ONLY_ACTIVE_ARCH = YES;
				SDKROOT = iphoneos;
				SWIFT_ACTIVE_COMPILATION_CONDITIONS = DEBUG;
				SWIFT_OPTIMIZATION_LEVEL = "-Onone";
			};
			name = Debug;
		};
		C34590DC25AE2DBC00206914 /* Release */ = {
			isa = XCBuildConfiguration;
			buildSettings = {
				ALWAYS_SEARCH_USER_PATHS = NO;
				CLANG_ANALYZER_NONNULL = YES;
				CLANG_ANALYZER_NUMBER_OBJECT_CONVERSION = YES_AGGRESSIVE;
				CLANG_CXX_LANGUAGE_STANDARD = "gnu++14";
				CLANG_CXX_LIBRARY = "libc++";
				CLANG_ENABLE_MODULES = YES;
				CLANG_ENABLE_OBJC_ARC = YES;
				CLANG_ENABLE_OBJC_WEAK = YES;
				CLANG_WARN_BLOCK_CAPTURE_AUTORELEASING = YES;
				CLANG_WARN_BOOL_CONVERSION = YES;
				CLANG_WARN_COMMA = YES;
				CLANG_WARN_CONSTANT_CONVERSION = YES;
				CLANG_WARN_DEPRECATED_OBJC_IMPLEMENTATIONS = YES;
				CLANG_WARN_DIRECT_OBJC_ISA_USAGE = YES_ERROR;
				CLANG_WARN_DOCUMENTATION_COMMENTS = YES;
				CLANG_WARN_EMPTY_BODY = YES;
				CLANG_WARN_ENUM_CONVERSION = YES;
				CLANG_WARN_INFINITE_RECURSION = YES;
				CLANG_WARN_INT_CONVERSION = YES;
				CLANG_WARN_NON_LITERAL_NULL_CONVERSION = YES;
				CLANG_WARN_OBJC_IMPLICIT_RETAIN_SELF = YES;
				CLANG_WARN_OBJC_LITERAL_CONVERSION = YES;
				CLANG_WARN_OBJC_ROOT_CLASS = YES_ERROR;
				CLANG_WARN_QUOTED_INCLUDE_IN_FRAMEWORK_HEADER = YES;
				CLANG_WARN_RANGE_LOOP_ANALYSIS = YES;
				CLANG_WARN_STRICT_PROTOTYPES = YES;
				CLANG_WARN_SUSPICIOUS_MOVE = YES;
				CLANG_WARN_UNGUARDED_AVAILABILITY = YES_AGGRESSIVE;
				CLANG_WARN_UNREACHABLE_CODE = YES;
				CLANG_WARN__DUPLICATE_METHOD_MATCH = YES;
				COPY_PHASE_STRIP = NO;
				DEBUG_INFORMATION_FORMAT = "dwarf-with-dsym";
				ENABLE_NS_ASSERTIONS = NO;
				ENABLE_STRICT_OBJC_MSGSEND = YES;
				GCC_C_LANGUAGE_STANDARD = gnu11;
				GCC_NO_COMMON_BLOCKS = YES;
				GCC_WARN_64_TO_32_BIT_CONVERSION = YES;
				GCC_WARN_ABOUT_RETURN_TYPE = YES_ERROR;
				GCC_WARN_UNDECLARED_SELECTOR = YES;
				GCC_WARN_UNINITIALIZED_AUTOS = YES_AGGRESSIVE;
				GCC_WARN_UNUSED_FUNCTION = YES;
				GCC_WARN_UNUSED_VARIABLE = YES;
				IPHONEOS_DEPLOYMENT_TARGET = 14.0;
				MTL_ENABLE_DEBUG_INFO = NO;
				MTL_FAST_MATH = YES;
				SDKROOT = iphoneos;
				SWIFT_COMPILATION_MODE = wholemodule;
				SWIFT_OPTIMIZATION_LEVEL = "-O";
				VALIDATE_PRODUCT = YES;
			};
			name = Release;
		};
		C34590DE25AE2DBC00206914 /* Debug */ = {
			isa = XCBuildConfiguration;
			buildSettings = {
				ASSETCATALOG_COMPILER_APPICON_NAME = AppIcon;
				ASSETCATALOG_COMPILER_GLOBAL_ACCENT_COLOR_NAME = AccentColor;
				CODE_SIGN_STYLE = Automatic;
				DEVELOPMENT_TEAM = 22Y6G3BAJZ;
				INFOPLIST_FILE = GalleryViewer/Resources/Info.plist;
				LD_RUNPATH_SEARCH_PATHS = (
					"$(inherited)",
					"@executable_path/Frameworks",
				);
				PRODUCT_BUNDLE_IDENTIFIER = com.testapp.GalleryViewer;
				PRODUCT_NAME = "$(TARGET_NAME)";
				SWIFT_VERSION = 5.0;
				TARGETED_DEVICE_FAMILY = "1,2";
			};
			name = Debug;
		};
		C34590DF25AE2DBC00206914 /* Release */ = {
			isa = XCBuildConfiguration;
			buildSettings = {
				ASSETCATALOG_COMPILER_APPICON_NAME = AppIcon;
				ASSETCATALOG_COMPILER_GLOBAL_ACCENT_COLOR_NAME = AccentColor;
				CODE_SIGN_STYLE = Automatic;
				DEVELOPMENT_TEAM = 22Y6G3BAJZ;
				INFOPLIST_FILE = GalleryViewer/Resources/Info.plist;
				LD_RUNPATH_SEARCH_PATHS = (
					"$(inherited)",
					"@executable_path/Frameworks",
				);
				PRODUCT_BUNDLE_IDENTIFIER = com.testapp.GalleryViewer;
				PRODUCT_NAME = "$(TARGET_NAME)";
				SWIFT_VERSION = 5.0;
				TARGETED_DEVICE_FAMILY = "1,2";
			};
			name = Release;
		};
		C34590E125AE2DBC00206914 /* Debug */ = {
			isa = XCBuildConfiguration;
			buildSettings = {
				ALWAYS_EMBED_SWIFT_STANDARD_LIBRARIES = YES;
				BUNDLE_LOADER = "$(TEST_HOST)";
				CODE_SIGN_STYLE = Automatic;
				INFOPLIST_FILE = GalleryViewerTests/Info.plist;
				IPHONEOS_DEPLOYMENT_TARGET = 14.3;
				LD_RUNPATH_SEARCH_PATHS = (
					"$(inherited)",
					"@executable_path/Frameworks",
					"@loader_path/Frameworks",
				);
				PRODUCT_BUNDLE_IDENTIFIER = com.testapp.GalleryViewerTests;
				PRODUCT_NAME = "$(TARGET_NAME)";
				SWIFT_VERSION = 5.0;
				TARGETED_DEVICE_FAMILY = "1,2";
				TEST_HOST = "$(BUILT_PRODUCTS_DIR)/GalleryViewer.app/GalleryViewer";
			};
			name = Debug;
		};
		C34590E225AE2DBC00206914 /* Release */ = {
			isa = XCBuildConfiguration;
			buildSettings = {
				ALWAYS_EMBED_SWIFT_STANDARD_LIBRARIES = YES;
				BUNDLE_LOADER = "$(TEST_HOST)";
				CODE_SIGN_STYLE = Automatic;
				INFOPLIST_FILE = GalleryViewerTests/Info.plist;
				IPHONEOS_DEPLOYMENT_TARGET = 14.3;
				LD_RUNPATH_SEARCH_PATHS = (
					"$(inherited)",
					"@executable_path/Frameworks",
					"@loader_path/Frameworks",
				);
				PRODUCT_BUNDLE_IDENTIFIER = com.testapp.GalleryViewerTests;
				PRODUCT_NAME = "$(TARGET_NAME)";
				SWIFT_VERSION = 5.0;
				TARGETED_DEVICE_FAMILY = "1,2";
				TEST_HOST = "$(BUILT_PRODUCTS_DIR)/GalleryViewer.app/GalleryViewer";
			};
			name = Release;
		};
		C34590E425AE2DBC00206914 /* Debug */ = {
			isa = XCBuildConfiguration;
			buildSettings = {
				ALWAYS_EMBED_SWIFT_STANDARD_LIBRARIES = YES;
				CODE_SIGN_STYLE = Automatic;
				INFOPLIST_FILE = GalleryViewerUITests/Info.plist;
				LD_RUNPATH_SEARCH_PATHS = (
					"$(inherited)",
					"@executable_path/Frameworks",
					"@loader_path/Frameworks",
				);
				PRODUCT_BUNDLE_IDENTIFIER = com.testapp.GalleryViewerUITests;
				PRODUCT_NAME = "$(TARGET_NAME)";
				SWIFT_VERSION = 5.0;
				TARGETED_DEVICE_FAMILY = "1,2";
				TEST_TARGET_NAME = GalleryViewer;
			};
			name = Debug;
		};
		C34590E525AE2DBC00206914 /* Release */ = {
			isa = XCBuildConfiguration;
			buildSettings = {
				ALWAYS_EMBED_SWIFT_STANDARD_LIBRARIES = YES;
				CODE_SIGN_STYLE = Automatic;
				INFOPLIST_FILE = GalleryViewerUITests/Info.plist;
				LD_RUNPATH_SEARCH_PATHS = (
					"$(inherited)",
					"@executable_path/Frameworks",
					"@loader_path/Frameworks",
				);
				PRODUCT_BUNDLE_IDENTIFIER = com.testapp.GalleryViewerUITests;
				PRODUCT_NAME = "$(TARGET_NAME)";
				SWIFT_VERSION = 5.0;
				TARGETED_DEVICE_FAMILY = "1,2";
				TEST_TARGET_NAME = GalleryViewer;
			};
			name = Release;
		};
/* End XCBuildConfiguration section */

/* Begin XCConfigurationList section */
		C34590AE25AE2DB900206914 /* Build configuration list for PBXProject "GalleryViewer" */ = {
			isa = XCConfigurationList;
			buildConfigurations = (
				C34590DB25AE2DBC00206914 /* Debug */,
				C34590DC25AE2DBC00206914 /* Release */,
			);
			defaultConfigurationIsVisible = 0;
			defaultConfigurationName = Release;
		};
		C34590DD25AE2DBC00206914 /* Build configuration list for PBXNativeTarget "GalleryViewer" */ = {
			isa = XCConfigurationList;
			buildConfigurations = (
				C34590DE25AE2DBC00206914 /* Debug */,
				C34590DF25AE2DBC00206914 /* Release */,
			);
			defaultConfigurationIsVisible = 0;
			defaultConfigurationName = Release;
		};
		C34590E025AE2DBC00206914 /* Build configuration list for PBXNativeTarget "GalleryViewerTests" */ = {
			isa = XCConfigurationList;
			buildConfigurations = (
				C34590E125AE2DBC00206914 /* Debug */,
				C34590E225AE2DBC00206914 /* Release */,
			);
			defaultConfigurationIsVisible = 0;
			defaultConfigurationName = Release;
		};
		C34590E325AE2DBC00206914 /* Build configuration list for PBXNativeTarget "GalleryViewerUITests" */ = {
			isa = XCConfigurationList;
			buildConfigurations = (
				C34590E425AE2DBC00206914 /* Debug */,
				C34590E525AE2DBC00206914 /* Release */,
			);
			defaultConfigurationIsVisible = 0;
			defaultConfigurationName = Release;
		};
/* End XCConfigurationList section */
	};
	rootObject = C34590AB25AE2DB900206914 /* Project object */;
}
